
Microsoft Visual Studio Solution File, Format Version 12.00
# Visual Studio 15
VisualStudioVersion = 15.0.28307.1145
MinimumVisualStudioVersion = 10.0.40219.1
Project("{FAE04EC0-301F-11D3-BF4B-00C04F79EFBC}") = "it_academy_practice", "it_academy_practice\it_academy_practice.csproj", "{E93FA3DE-6CC9-4630-8220-BBAF534F0A34}"
EndProject
Project("{2150E333-8FDC-42A3-9474-1A3956D46DE8}") = "Task1", "Task1", "{E8D68770-42DD-473F-A509-3D78FF89BF5E}"
EndProject
Project("{FAE04EC0-301F-11D3-BF4B-00C04F79EFBC}") = "GoodDay", "GoodDay\GoodDay.csproj", "{D0D6DD9B-59BC-4982-B355-717DBB98BDAC}"
EndProject
Project("{2150E333-8FDC-42A3-9474-1A3956D46DE8}") = "Task2", "Task2", "{3B87F6B9-D1C2-40FC-94F9-0507B9B1C866}"
EndProject
Project("{FAE04EC0-301F-11D3-BF4B-00C04F79EFBC}") = "LettersCount", "LettersCount\LettersCount.csproj", "{35F821C9-B2FE-46A9-A73B-EE0615FDD150}"
EndProject
Project("{2150E333-8FDC-42A3-9474-1A3956D46DE8}") = "Lecture 6", "Lecture 6", "{48BEDFD8-FCBC-4BA3-BD3D-D8738E46EEDA}"
EndProject
Project("{9A19103F-16F7-4668-BE54-9A1E7A4F7556}") = "Lecture6", "Lecture6\Lecture6.csproj", "{C6FB0BDA-DEFE-4410-9741-14D8668BADEF}"
EndProject
Project("{2150E333-8FDC-42A3-9474-1A3956D46DE8}") = "Lecture 11", "Lecture 11", "{8BB72D29-7D02-4FEB-A70F-436534F4BBD5}"
EndProject
Project("{FAE04EC0-301F-11D3-BF4B-00C04F79EFBC}") = "FiguresPractice", "Lecture 11\FiguresPractice\FiguresPractice.csproj", "{DB1D7E2B-FD23-4C38-9197-ADBEF7ACF3F3}"
EndProject
Global
	GlobalSection(SolutionConfigurationPlatforms) = preSolution
		Debug|Any CPU = Debug|Any CPU
		Release|Any CPU = Release|Any CPU
	EndGlobalSection
	GlobalSection(ProjectConfigurationPlatforms) = postSolution
		{E93FA3DE-6CC9-4630-8220-BBAF534F0A34}.Debug|Any CPU.ActiveCfg = Debug|Any CPU
		{E93FA3DE-6CC9-4630-8220-BBAF534F0A34}.Debug|Any CPU.Build.0 = Debug|Any CPU
		{E93FA3DE-6CC9-4630-8220-BBAF534F0A34}.Release|Any CPU.ActiveCfg = Release|Any CPU
		{E93FA3DE-6CC9-4630-8220-BBAF534F0A34}.Release|Any CPU.Build.0 = Release|Any CPU
		{D0D6DD9B-59BC-4982-B355-717DBB98BDAC}.Debug|Any CPU.ActiveCfg = Debug|Any CPU
		{D0D6DD9B-59BC-4982-B355-717DBB98BDAC}.Debug|Any CPU.Build.0 = Debug|Any CPU
		{D0D6DD9B-59BC-4982-B355-717DBB98BDAC}.Release|Any CPU.ActiveCfg = Release|Any CPU
		{D0D6DD9B-59BC-4982-B355-717DBB98BDAC}.Release|Any CPU.Build.0 = Release|Any CPU
		{35F821C9-B2FE-46A9-A73B-EE0615FDD150}.Debug|Any CPU.ActiveCfg = Debug|Any CPU
		{35F821C9-B2FE-46A9-A73B-EE0615FDD150}.Debug|Any CPU.Build.0 = Debug|Any CPU
		{35F821C9-B2FE-46A9-A73B-EE0615FDD150}.Release|Any CPU.ActiveCfg = Release|Any CPU
		{35F821C9-B2FE-46A9-A73B-EE0615FDD150}.Release|Any CPU.Build.0 = Release|Any CPU
		{C6FB0BDA-DEFE-4410-9741-14D8668BADEF}.Debug|Any CPU.ActiveCfg = Debug|Any CPU
		{C6FB0BDA-DEFE-4410-9741-14D8668BADEF}.Debug|Any CPU.Build.0 = Debug|Any CPU
		{C6FB0BDA-DEFE-4410-9741-14D8668BADEF}.Release|Any CPU.ActiveCfg = Release|Any CPU
		{C6FB0BDA-DEFE-4410-9741-14D8668BADEF}.Release|Any CPU.Build.0 = Release|Any CPU
		{DB1D7E2B-FD23-4C38-9197-ADBEF7ACF3F3}.Debug|Any CPU.ActiveCfg = Debug|Any CPU
		{DB1D7E2B-FD23-4C38-9197-ADBEF7ACF3F3}.Debug|Any CPU.Build.0 = Debug|Any CPU
		{DB1D7E2B-FD23-4C38-9197-ADBEF7ACF3F3}.Release|Any CPU.ActiveCfg = Release|Any CPU
		{DB1D7E2B-FD23-4C38-9197-ADBEF7ACF3F3}.Release|Any CPU.Build.0 = Release|Any CPU
	EndGlobalSection
	GlobalSection(SolutionProperties) = preSolution
		HideSolutionNode = FALSE
	EndGlobalSection
	GlobalSection(NestedProjects) = preSolution
		{D0D6DD9B-59BC-4982-B355-717DBB98BDAC} = {E8D68770-42DD-473F-A509-3D78FF89BF5E}
		{35F821C9-B2FE-46A9-A73B-EE0615FDD150} = {3B87F6B9-D1C2-40FC-94F9-0507B9B1C866}
		{C6FB0BDA-DEFE-4410-9741-14D8668BADEF} = {48BEDFD8-FCBC-4BA3-BD3D-D8738E46EEDA}
		{DB1D7E2B-FD23-4C38-9197-ADBEF7ACF3F3} = {8BB72D29-7D02-4FEB-A70F-436534F4BBD5}
	EndGlobalSection
	GlobalSection(ExtensibilityGlobals) = postSolution
		SolutionGuid = {35393260-5A98-414C-89E6-B26E412BCD56}
	EndGlobalSection
EndGlobal
